PODS:
  - MPBluetoothKit (0.1.0)
  - ReactiveCocoa (2.5):
    - ReactiveCocoa/UI (= 2.5)
  - ReactiveCocoa/Core (2.5):
    - ReactiveCocoa/no-arc
  - ReactiveCocoa/no-arc (2.5)
  - ReactiveCocoa/UI (2.5):
    - ReactiveCocoa/Core

DEPENDENCIES:
  - MPBluetoothKit (~> 0.1.0)
  - ReactiveCocoa (= 2.5)

SPEC CHECKSUMS:
  MPBluetoothKit: 40f9e1c3cf9f5d7357f344560015b8c8cc7f5b53
  ReactiveCocoa: e2db045570aa97c695e7aa97c2bcab222ae51f4a

PODFILE CHECKSUM: 305e80878e87153e8cdcfe74bffc66a9efdd5deb

COCOAPODS: 1.0.0
